
Microsoft Visual Studio Solution File, Format Version 12.00
# Visual Studio Version 17
VisualStudioVersion = 17.11.35222.181
MinimumVisualStudioVersion = 10.0.40219.1
Project("{FAE04EC0-301F-11D3-BF4B-00C04F79EFBC}") = "FinalExam", "FinalExam\FinalExam.csproj", "{8FA191AC-5495-47CF-A0F1-89268BCB5E13}"
EndProject
Global
	GlobalSection(SolutionConfigurationPlatforms) = preSolution
		Debug|Any CPU = Debug|Any CPU
		Release|Any CPU = Release|Any CPU
	EndGlobalSection
	GlobalSection(ProjectConfigurationPlatforms) = postSolution
		{8FA191AC-5495-47CF-A0F1-89268BCB5E13}.Debug|Any CPU.ActiveCfg = Debug|Any CPU
		{8FA191AC-5495-47CF-A0F1-89268BCB5E13}.Debug|Any CPU.Build.0 = Debug|Any CPU
		{8FA191AC-5495-47CF-A0F1-89268BCB5E13}.Release|Any CPU.ActiveCfg = Release|Any CPU
		{8FA191AC-5495-47CF-A0F1-89268BCB5E13}.Release|Any CPU.Build.0 = Release|Any CPU
	EndGlobalSection
	GlobalSection(SolutionProperties) = preSolution
		HideSolutionNode = FALSE
	EndGlobalSection
	GlobalSection(ExtensibilityGlobals) = postSolution
		SolutionGuid = {40CB6372-FB2F-43D3-A99B-22F3BE88C0C3}
	EndGlobalSection
EndGlobal
